
Microsoft Visual Studio Solution File, Format Version 12.00
# Visual Studio Version 16
VisualStudioVersion = 16.0.34114.132
MinimumVisualStudioVersion = 10.0.40219.1
Project("{FAE04EC0-301F-11D3-BF4B-00C04F79EFBC}") = "neurometer", "neurometer\neurometer.csproj", "{BD40C7C8-C03F-498E-9BA0-5C1411083FAC}"
EndProject
Global
	GlobalSection(SolutionConfigurationPlatforms) = preSolution
		Debug|Any CPU = Debug|Any CPU
		Release|Any CPU = Release|Any CPU
	EndGlobalSection
	GlobalSection(ProjectConfigurationPlatforms) = postSolution
		{BD40C7C8-C03F-498E-9BA0-5C1411083FAC}.Debug|Any CPU.ActiveCfg = Debug|Any CPU
		{BD40C7C8-C03F-498E-9BA0-5C1411083FAC}.Debug|Any CPU.Build.0 = Debug|Any CPU
		{BD40C7C8-C03F-498E-9BA0-5C1411083FAC}.Release|Any CPU.ActiveCfg = Release|Any CPU
		{BD40C7C8-C03F-498E-9BA0-5C1411083FAC}.Release|Any CPU.Build.0 = Release|Any CPU
	EndGlobalSection
	GlobalSection(SolutionProperties) = preSolution
		HideSolutionNode = FALSE
	EndGlobalSection
	GlobalSection(ExtensibilityGlobals) = postSolution
		SolutionGuid = {E666C0C7-A747-4CF7-9613-05D00EB3156F}
	EndGlobalSection
EndGlobal
